{
  "version": 4,
  "terraform_version": "1.7.4",
  "serial": 10,
  "lineage": "b0a15483-8ebc-4a3e-c511-f23030acdd61",
  "outputs": {},
  "resources": [
    {
      "mode": "managed",
      "type": "azurerm_linux_web_app",
      "name": "webapp",
      "provider": "provider[\"registry.terraform.io/hashicorp/azurerm\"]",
      "instances": [
        {
          "schema_version": 1,
          "attributes": {
            "app_settings": null,
            "auth_settings": [],
            "auth_settings_v2": [],
            "backup": [],
            "client_affinity_enabled": false,
            "client_certificate_enabled": false,
            "client_certificate_exclusion_paths": "",
            "client_certificate_mode": "Required",
            "connection_string": [],
            "custom_domain_verification_id": "BF69B5B4D3C81E406AC7777BAF71E60E875C4B15D4A04393156038110DA87183",
            "default_hostname": "budgetbits.azurewebsites.net",
            "enabled": true,
            "ftp_publish_basic_authentication_enabled": true,
            "hosting_environment_id": "",
            "https_only": true,
            "id": "/subscriptions/9c9c8212-4a54-4d2c-b92c-fab11649814b/resourceGroups/bargain-bin/providers/Microsoft.Web/sites/budgetbits",
            "identity": [],
            "key_vault_reference_identity_id": "SystemAssigned",
            "kind": "app,linux",
            "location": "westus",
            "logs": [],
            "name": "budgetbits",
            "outbound_ip_address_list": [
              "20.66.29.151",
              "20.66.125.64",
              "20.245.10.162",
              "20.66.125.65",
              "20.66.121.28",
              "20.245.29.178",
              "20.66.124.205",
              "20.66.124.212",
              "20.66.124.213",
              "20.66.124.238",
              "20.66.124.239",
              "20.66.124.253",
              "40.112.243.120"
            ],
            "outbound_ip_addresses": "20.66.29.151,20.66.125.64,20.245.10.162,20.66.125.65,20.66.121.28,20.245.29.178,20.66.124.205,20.66.124.212,20.66.124.213,20.66.124.238,20.66.124.239,20.66.124.253,40.112.243.120",
            "possible_outbound_ip_address_list": [
              "20.66.29.151",
              "20.66.125.64",
              "20.245.10.162",
              "20.66.125.65",
              "20.66.121.28",
              "20.245.29.178",
              "20.66.124.205",
              "20.66.124.212",
              "20.66.124.213",
              "20.66.124.238",
              "20.66.124.239",
              "20.66.124.253",
              "20.66.125.8",
              "20.66.125.32",
              "20.253.230.240",
              "20.66.125.48",
              "20.253.229.79",
              "20.237.162.222",
              "20.59.109.98",
              "20.66.15.111",
              "20.66.15.114",
              "20.66.125.39",
              "20.66.125.38",
              "20.66.125.56",
              "20.66.29.151",
              "20.66.125.64",
              "20.245.10.162",
              "20.66.125.65",
              "20.66.121.28",
              "20.245.29.178",
              "20.59.105.6",
              "20.253.229.49",
              "20.59.104.120",
              "20.237.166.106",
              "20.237.166.146",
              "20.245.24.248",
              "40.112.243.120"
            ],
            "possible_outbound_ip_addresses": "20.66.29.151,20.66.125.64,20.245.10.162,20.66.125.65,20.66.121.28,20.245.29.178,20.66.124.205,20.66.124.212,20.66.124.213,20.66.124.238,20.66.124.239,20.66.124.253,20.66.125.8,20.66.125.32,20.253.230.240,20.66.125.48,20.253.229.79,20.237.162.222,20.59.109.98,20.66.15.111,20.66.15.114,20.66.125.39,20.66.125.38,20.66.125.56,20.66.29.151,20.66.125.64,20.245.10.162,20.66.125.65,20.66.121.28,20.245.29.178,20.59.105.6,20.253.229.49,20.59.104.120,20.237.166.106,20.237.166.146,20.245.24.248,40.112.243.120",
            "public_network_access_enabled": true,
            "resource_group_name": "bargain-bin",
            "service_plan_id": "/subscriptions/9c9c8212-4a54-4d2c-b92c-fab11649814b/resourceGroups/bargain-bin/providers/Microsoft.Web/serverFarms/tonychen",
            "site_config": [
              {
                "always_on": true,
                "api_definition_url": "",
                "api_management_api_id": "",
                "app_command_line": "",
                "application_stack": [
                  {
                    "docker_image": "",
                    "docker_image_name": "",
                    "docker_image_tag": "",
                    "docker_registry_password": "",
                    "docker_registry_url": "",
                    "docker_registry_username": "",
                    "dotnet_version": "",
                    "go_version": "",
                    "java_server": "",
                    "java_server_version": "",
                    "java_version": "",
                    "node_version": "",
                    "php_version": "",
                    "python_version": "",
                    "ruby_version": ""
                  }
                ],
                "auto_heal_enabled": false,
                "auto_heal_setting": [],
                "container_registry_managed_identity_client_id": "",
                "container_registry_use_managed_identity": false,
                "cors": [],
                "default_documents": [
                  "Default.htm",
                  "Default.html",
                  "Default.asp",
                  "index.htm",
                  "index.html",
                  "iisstart.htm",
                  "default.aspx",
                  "index.php",
                  "hostingstart.html"
                ],
                "detailed_error_logging_enabled": false,
                "ftps_state": "Disabled",
                "health_check_eviction_time_in_min": 0,
                "health_check_path": "",
                "http2_enabled": false,
                "ip_restriction": [],
                "linux_fx_version": "",
                "load_balancing_mode": "LeastRequests",
                "local_mysql_enabled": false,
                "managed_pipeline_mode": "Integrated",
                "minimum_tls_version": "1.2",
                "remote_debugging_enabled": false,
                "remote_debugging_version": "VS2019",
                "scm_ip_restriction": [],
                "scm_minimum_tls_version": "1.2",
                "scm_type": "None",
                "scm_use_main_ip_restriction": false,
                "use_32_bit_worker": true,
                "vnet_route_all_enabled": false,
                "websockets_enabled": false,
                "worker_count": 1
              }
            ],
            "site_credential": [
              {
                "name": "$budgetbits",
                "password": "AQJovJUaJAmdQ55SIffzfBXlA8nKsgE.UtMC9cRIcxhUMXMC2IpT8-R6XzCU2_y_2xSFP4yLcms"
              }
            ],
            "sticky_settings": [],
            "storage_account": [],
            "tags": null,
            "timeouts": null,
            "virtual_network_subnet_id": "",
            "webdeploy_publish_basic_authentication_enabled": true,
            "zip_deploy_file": ""
          },
          "sensitive_attributes": [],
          "private": "eyJlMmJmYjczMC1lY2FhLTExZTYtOGY4OC0zNDM2M2JjN2M0YzAiOnsiY3JlYXRlIjoxODAwMDAwMDAwMDAwLCJkZWxldGUiOjE4MDAwMDAwMDAwMDAsInJlYWQiOjMwMDAwMDAwMDAwMCwidXBkYXRlIjoxODAwMDAwMDAwMDAwfSwic2NoZW1hX3ZlcnNpb24iOiIxIn0=",
          "dependencies": [
            "azurerm_resource_group.rg",
            "azurerm_service_plan.appserviceplan"
          ]
        }
      ]
    },
    {
      "mode": "managed",
      "type": "azurerm_resource_group",
      "name": "rg",
      "provider": "provider[\"registry.terraform.io/hashicorp/azurerm\"]",
      "instances": [
        {
          "schema_version": 0,
          "attributes": {
            "id": "/subscriptions/9c9c8212-4a54-4d2c-b92c-fab11649814b/resourceGroups/bargain-bin",
            "location": "westus",
            "managed_by": "",
            "name": "bargain-bin",
            "tags": null,
            "timeouts": null
          },
          "sensitive_attributes": [],
          "private": "eyJlMmJmYjczMC1lY2FhLTExZTYtOGY4OC0zNDM2M2JjN2M0YzAiOnsiY3JlYXRlIjo1NDAwMDAwMDAwMDAwLCJkZWxldGUiOjU0MDAwMDAwMDAwMDAsInJlYWQiOjMwMDAwMDAwMDAwMCwidXBkYXRlIjo1NDAwMDAwMDAwMDAwfX0="
        }
      ]
    },
    {
      "mode": "managed",
      "type": "azurerm_service_plan",
      "name": "appserviceplan",
      "provider": "provider[\"registry.terraform.io/hashicorp/azurerm\"]",
      "instances": [
        {
          "schema_version": 1,
          "attributes": {
            "app_service_environment_id": "",
            "id": "/subscriptions/9c9c8212-4a54-4d2c-b92c-fab11649814b/resourceGroups/bargain-bin/providers/Microsoft.Web/serverFarms/tonychen",
            "kind": "linux",
            "location": "westus",
            "maximum_elastic_worker_count": 1,
            "name": "tonychen",
            "os_type": "Linux",
            "per_site_scaling_enabled": false,
            "reserved": true,
            "resource_group_name": "bargain-bin",
            "sku_name": "B1",
            "tags": null,
            "timeouts": null,
            "worker_count": 1,
            "zone_balancing_enabled": false
          },
          "sensitive_attributes": [],
          "private": "eyJlMmJmYjczMC1lY2FhLTExZTYtOGY4OC0zNDM2M2JjN2M0YzAiOnsiY3JlYXRlIjozNjAwMDAwMDAwMDAwLCJkZWxldGUiOjM2MDAwMDAwMDAwMDAsInJlYWQiOjMwMDAwMDAwMDAwMCwidXBkYXRlIjozNjAwMDAwMDAwMDAwfSwic2NoZW1hX3ZlcnNpb24iOiIxIn0=",
          "dependencies": [
            "azurerm_resource_group.rg"
          ]
        }
      ]
    }
  ],
  "check_results": null
}
